
Microsoft Visual Studio Solution File, Format Version 12.00
# Visual Studio 15
VisualStudioVersion = 15.0.28307.902
MinimumVisualStudioVersion = 10.0.40219.1
Project("{9A19103F-16F7-4668-BE54-9A1E7A4F7556}") = "ApprovalNoteAzure", "ApprovalNoteAzure\ApprovalNoteAzure.csproj", "{09F900D1-9D23-478D-AF74-F06F46C107BF}"
EndProject
Global
	GlobalSection(SolutionConfigurationPlatforms) = preSolution
		Debug|Any CPU = Debug|Any CPU
		Release|Any CPU = Release|Any CPU
	EndGlobalSection
	GlobalSection(ProjectConfigurationPlatforms) = postSolution
		{09F900D1-9D23-478D-AF74-F06F46C107BF}.Debug|Any CPU.ActiveCfg = Debug|Any CPU
		{09F900D1-9D23-478D-AF74-F06F46C107BF}.Debug|Any CPU.Build.0 = Debug|Any CPU
		{09F900D1-9D23-478D-AF74-F06F46C107BF}.Release|Any CPU.ActiveCfg = Release|Any CPU
		{09F900D1-9D23-478D-AF74-F06F46C107BF}.Release|Any CPU.Build.0 = Release|Any CPU
	EndGlobalSection
	GlobalSection(SolutionProperties) = preSolution
		HideSolutionNode = FALSE
	EndGlobalSection
	GlobalSection(ExtensibilityGlobals) = postSolution
		SolutionGuid = {1728E30E-66E0-4457-80E7-696B8005C56E}
	EndGlobalSection
EndGlobal
